
Microsoft Visual Studio Solution File, Format Version 12.00
# Visual Studio Version 17
VisualStudioVersion = 17.0.31903.59
MinimumVisualStudioVersion = 10.0.40219.1
Project("{2150E333-8FDC-42A3-9474-1A3956D46DE8}") = "Backend", "Backend", "{827E0CD3-B72D-47B6-A68D-7590B98EB39B}"
EndProject
Project("{FAE04EC0-301F-11D3-BF4B-00C04F79EFBC}") = "TaskAgent.Contracts", "Backend\src\TaskAgent.Contracts\TaskAgent.Contracts.csproj", "{DB2B7A0B-B4AD-4C97-A788-65E75BD2F3BA}"
EndProject
Project("{FAE04EC0-301F-11D3-BF4B-00C04F79EFBC}") = "TaskAgent.DataAccess", "Backend\src\TaskAgent.DataAccess\TaskAgent.DataAccess.csproj", "{DF9C526F-8DE3-4141-84B2-3ABFB0EA4A8D}"
EndProject
Project("{FAE04EC0-301F-11D3-BF4B-00C04F79EFBC}") = "TaskAgent.Api", "Backend\src\TaskAgent.Api\TaskAgent.Api.csproj", "{EB424A04-EBD7-47A6-A032-7CA30AD294A3}"
EndProject
Project("{FAE04EC0-301F-11D3-BF4B-00C04F79EFBC}") = "TaskAgent.Api.Tests", "Backend\tests\TaskAgent.Api.Tests\TaskAgent.Api.Tests.csproj", "{D124AEBC-4786-4134-B456-02561381AA77}"
EndProject
Project("{FAE04EC0-301F-11D3-BF4B-00C04F79EFBC}") = "TaskAgent.DataAccess.Tests", "Backend\tests\TaskAgent.DataAccess.Tests\TaskAgent.DataAccess.Tests.csproj", "{009551F2-3FD5-4D52-853D-FC07EDBCC64B}"
EndProject
Project("{2150E333-8FDC-42A3-9474-1A3956D46DE8}") = "tests", "Backend\tests", "{0AB3BF05-4346-4AA6-1389-037BE0695223}"
EndProject
Project("{FAE04EC0-301F-11D3-BF4B-00C04F79EFBC}") = "TaskAgent.IntegrationTests", "Backend\tests\TaskAgent.IntegrationTests\TaskAgent.IntegrationTests.csproj", "{25A579FB-8BFA-4CD2-A2AE-5F75C837390F}"
EndProject
Global
	GlobalSection(SolutionConfigurationPlatforms) = preSolution
		Debug|Any CPU = Debug|Any CPU
		Debug|x64 = Debug|x64
		Debug|x86 = Debug|x86
		Release|Any CPU = Release|Any CPU
		Release|x64 = Release|x64
		Release|x86 = Release|x86
	EndGlobalSection
	GlobalSection(ProjectConfigurationPlatforms) = postSolution
		{DB2B7A0B-B4AD-4C97-A788-65E75BD2F3BA}.Debug|Any CPU.ActiveCfg = Debug|Any CPU
		{DB2B7A0B-B4AD-4C97-A788-65E75BD2F3BA}.Debug|Any CPU.Build.0 = Debug|Any CPU
		{DB2B7A0B-B4AD-4C97-A788-65E75BD2F3BA}.Debug|x64.ActiveCfg = Debug|Any CPU
		{DB2B7A0B-B4AD-4C97-A788-65E75BD2F3BA}.Debug|x64.Build.0 = Debug|Any CPU
		{DB2B7A0B-B4AD-4C97-A788-65E75BD2F3BA}.Debug|x86.ActiveCfg = Debug|Any CPU
		{DB2B7A0B-B4AD-4C97-A788-65E75BD2F3BA}.Debug|x86.Build.0 = Debug|Any CPU
		{DB2B7A0B-B4AD-4C97-A788-65E75BD2F3BA}.Release|Any CPU.ActiveCfg = Release|Any CPU
		{DB2B7A0B-B4AD-4C97-A788-65E75BD2F3BA}.Release|Any CPU.Build.0 = Release|Any CPU
		{DB2B7A0B-B4AD-4C97-A788-65E75BD2F3BA}.Release|x64.ActiveCfg = Release|Any CPU
		{DB2B7A0B-B4AD-4C97-A788-65E75BD2F3BA}.Release|x64.Build.0 = Release|Any CPU
		{DB2B7A0B-B4AD-4C97-A788-65E75BD2F3BA}.Release|x86.ActiveCfg = Release|Any CPU
		{DB2B7A0B-B4AD-4C97-A788-65E75BD2F3BA}.Release|x86.Build.0 = Release|Any CPU
		{DF9C526F-8DE3-4141-84B2-3ABFB0EA4A8D}.Debug|Any CPU.ActiveCfg = Debug|Any CPU
		{DF9C526F-8DE3-4141-84B2-3ABFB0EA4A8D}.Debug|Any CPU.Build.0 = Debug|Any CPU
		{DF9C526F-8DE3-4141-84B2-3ABFB0EA4A8D}.Debug|x64.ActiveCfg = Debug|Any CPU
		{DF9C526F-8DE3-4141-84B2-3ABFB0EA4A8D}.Debug|x64.Build.0 = Debug|Any CPU
		{DF9C526F-8DE3-4141-84B2-3ABFB0EA4A8D}.Debug|x86.ActiveCfg = Debug|Any CPU
		{DF9C526F-8DE3-4141-84B2-3ABFB0EA4A8D}.Debug|x86.Build.0 = Debug|Any CPU
		{DF9C526F-8DE3-4141-84B2-3ABFB0EA4A8D}.Release|Any CPU.ActiveCfg = Release|Any CPU
		{DF9C526F-8DE3-4141-84B2-3ABFB0EA4A8D}.Release|Any CPU.Build.0 = Release|Any CPU
		{DF9C526F-8DE3-4141-84B2-3ABFB0EA4A8D}.Release|x64.ActiveCfg = Release|Any CPU
		{DF9C526F-8DE3-4141-84B2-3ABFB0EA4A8D}.Release|x64.Build.0 = Release|Any CPU
		{DF9C526F-8DE3-4141-84B2-3ABFB0EA4A8D}.Release|x86.ActiveCfg = Release|Any CPU
		{DF9C526F-8DE3-4141-84B2-3ABFB0EA4A8D}.Release|x86.Build.0 = Release|Any CPU
		{EB424A04-EBD7-47A6-A032-7CA30AD294A3}.Debug|Any CPU.ActiveCfg = Debug|Any CPU
		{EB424A04-EBD7-47A6-A032-7CA30AD294A3}.Debug|Any CPU.Build.0 = Debug|Any CPU
		{EB424A04-EBD7-47A6-A032-7CA30AD294A3}.Debug|x64.ActiveCfg = Debug|Any CPU
		{EB424A04-EBD7-47A6-A032-7CA30AD294A3}.Debug|x64.Build.0 = Debug|Any CPU
		{EB424A04-EBD7-47A6-A032-7CA30AD294A3}.Debug|x86.ActiveCfg = Debug|Any CPU
		{EB424A04-EBD7-47A6-A032-7CA30AD294A3}.Debug|x86.Build.0 = Debug|Any CPU
		{EB424A04-EBD7-47A6-A032-7CA30AD294A3}.Release|Any CPU.ActiveCfg = Release|Any CPU
		{EB424A04-EBD7-47A6-A032-7CA30AD294A3}.Release|Any CPU.Build.0 = Release|Any CPU
		{EB424A04-EBD7-47A6-A032-7CA30AD294A3}.Release|x64.ActiveCfg = Release|Any CPU
		{EB424A04-EBD7-47A6-A032-7CA30AD294A3}.Release|x64.Build.0 = Release|Any CPU
		{EB424A04-EBD7-47A6-A032-7CA30AD294A3}.Release|x86.ActiveCfg = Release|Any CPU
		{EB424A04-EBD7-47A6-A032-7CA30AD294A3}.Release|x86.Build.0 = Release|Any CPU
		{D124AEBC-4786-4134-B456-02561381AA77}.Debug|Any CPU.ActiveCfg = Debug|Any CPU
		{D124AEBC-4786-4134-B456-02561381AA77}.Debug|Any CPU.Build.0 = Debug|Any CPU
		{D124AEBC-4786-4134-B456-02561381AA77}.Debug|x64.ActiveCfg = Debug|Any CPU
		{D124AEBC-4786-4134-B456-02561381AA77}.Debug|x64.Build.0 = Debug|Any CPU
		{D124AEBC-4786-4134-B456-02561381AA77}.Debug|x86.ActiveCfg = Debug|Any CPU
		{D124AEBC-4786-4134-B456-02561381AA77}.Debug|x86.Build.0 = Debug|Any CPU
		{D124AEBC-4786-4134-B456-02561381AA77}.Release|Any CPU.ActiveCfg = Release|Any CPU
		{D124AEBC-4786-4134-B456-02561381AA77}.Release|Any CPU.Build.0 = Release|Any CPU
		{D124AEBC-4786-4134-B456-02561381AA77}.Release|x64.ActiveCfg = Release|Any CPU
		{D124AEBC-4786-4134-B456-02561381AA77}.Release|x64.Build.0 = Release|Any CPU
		{D124AEBC-4786-4134-B456-02561381AA77}.Release|x86.ActiveCfg = Release|Any CPU
		{D124AEBC-4786-4134-B456-02561381AA77}.Release|x86.Build.0 = Release|Any CPU
		{009551F2-3FD5-4D52-853D-FC07EDBCC64B}.Debug|Any CPU.ActiveCfg = Debug|Any CPU
		{009551F2-3FD5-4D52-853D-FC07EDBCC64B}.Debug|Any CPU.Build.0 = Debug|Any CPU
		{009551F2-3FD5-4D52-853D-FC07EDBCC64B}.Debug|x64.ActiveCfg = Debug|Any CPU
		{009551F2-3FD5-4D52-853D-FC07EDBCC64B}.Debug|x64.Build.0 = Debug|Any CPU
		{009551F2-3FD5-4D52-853D-FC07EDBCC64B}.Debug|x86.ActiveCfg = Debug|Any CPU
		{009551F2-3FD5-4D52-853D-FC07EDBCC64B}.Debug|x86.Build.0 = Debug|Any CPU
		{009551F2-3FD5-4D52-853D-FC07EDBCC64B}.Release|Any CPU.ActiveCfg = Release|Any CPU
		{009551F2-3FD5-4D52-853D-FC07EDBCC64B}.Release|Any CPU.Build.0 = Release|Any CPU
		{009551F2-3FD5-4D52-853D-FC07EDBCC64B}.Release|x64.ActiveCfg = Release|Any CPU
		{009551F2-3FD5-4D52-853D-FC07EDBCC64B}.Release|x64.Build.0 = Release|Any CPU
		{009551F2-3FD5-4D52-853D-FC07EDBCC64B}.Release|x86.ActiveCfg = Release|Any CPU
		{009551F2-3FD5-4D52-853D-FC07EDBCC64B}.Release|x86.Build.0 = Release|Any CPU
		{25A579FB-8BFA-4CD2-A2AE-5F75C837390F}.Debug|Any CPU.ActiveCfg = Debug|Any CPU
		{25A579FB-8BFA-4CD2-A2AE-5F75C837390F}.Debug|Any CPU.Build.0 = Debug|Any CPU
		{25A579FB-8BFA-4CD2-A2AE-5F75C837390F}.Debug|x64.ActiveCfg = Release|Any CPU
		{25A579FB-8BFA-4CD2-A2AE-5F75C837390F}.Debug|x64.Build.0 = Release|Any CPU
		{25A579FB-8BFA-4CD2-A2AE-5F75C837390F}.Debug|x86.ActiveCfg = Debug|Any CPU
		{25A579FB-8BFA-4CD2-A2AE-5F75C837390F}.Debug|x86.Build.0 = Debug|Any CPU
		{25A579FB-8BFA-4CD2-A2AE-5F75C837390F}.Release|Any CPU.ActiveCfg = Release|Any CPU
		{25A579FB-8BFA-4CD2-A2AE-5F75C837390F}.Release|Any CPU.Build.0 = Release|Any CPU
		{25A579FB-8BFA-4CD2-A2AE-5F75C837390F}.Release|x64.ActiveCfg = Release|Any CPU
		{25A579FB-8BFA-4CD2-A2AE-5F75C837390F}.Release|x64.Build.0 = Release|Any CPU
		{25A579FB-8BFA-4CD2-A2AE-5F75C837390F}.Release|x86.ActiveCfg = Release|Any CPU
		{25A579FB-8BFA-4CD2-A2AE-5F75C837390F}.Release|x86.Build.0 = Release|Any CPU
	EndGlobalSection
	GlobalSection(SolutionProperties) = preSolution
		HideSolutionNode = FALSE
	EndGlobalSection
	GlobalSection(NestedProjects) = preSolution
		{DB2B7A0B-B4AD-4C97-A788-65E75BD2F3BA} = {827E0CD3-B72D-47B6-A68D-7590B98EB39B}
		{DF9C526F-8DE3-4141-84B2-3ABFB0EA4A8D} = {827E0CD3-B72D-47B6-A68D-7590B98EB39B}
		{EB424A04-EBD7-47A6-A032-7CA30AD294A3} = {827E0CD3-B72D-47B6-A68D-7590B98EB39B}
		{D124AEBC-4786-4134-B456-02561381AA77} = {827E0CD3-B72D-47B6-A68D-7590B98EB39B}
		{009551F2-3FD5-4D52-853D-FC07EDBCC64B} = {0AB3BF05-4346-4AA6-1389-037BE0695223}
		{25A579FB-8BFA-4CD2-A2AE-5F75C837390F} = {0AB3BF05-4346-4AA6-1389-037BE0695223}
	EndGlobalSection
EndGlobal
